
Microsoft Visual Studio Solution File, Format Version 12.00
Project("{FAE04EC0-301F-11D3-BF4B-00C04F79EFBC}") = "Airslip.Analytics.Processor", "Airslip.Analytics.Processor\Airslip.Analytics.Processor.csproj", "{DE649563-9F4C-4707-99B1-9912AF5737E0}"
EndProject
Project("{FAE04EC0-301F-11D3-BF4B-00C04F79EFBC}") = "Airslip.Analytics.Processor.Tests", "Airslip.Analytics.Processor.Tests\Airslip.Analytics.Processor.Tests.csproj", "{D3DE38FE-C12A-444C-B015-15586DBB95B7}"
EndProject
Project("{FAE04EC0-301F-11D3-BF4B-00C04F79EFBC}") = "Airslip.Analytics.Core", "Airslip.Analytics.Core\Airslip.Analytics.Core.csproj", "{21B16A5A-457E-4DB0-BEE8-19278129A2EF}"
EndProject
Project("{2150E333-8FDC-42A3-9474-1A3956D46DE8}") = "SolutionItems", "SolutionItems", "{385CD558-65DD-4698-B8ED-0643DEB01CF8}"
	ProjectSection(SolutionItems) = preProject
					.editorconfig = .editorconfig
		common.props = common.props
		test.common.props = test.common.props
		host.common.props = host.common.props
	EndProjectSection
EndProject
Project("{FAE04EC0-301F-11D3-BF4B-00C04F79EFBC}") = "Airslip.Analytics.Services.SqlServer", "Airslip.Analytics.Services.SqlServer\Airslip.Analytics.Services.SqlServer.csproj", "{C4B3D39A-89F1-40A4-B219-01E19914DB2E}"
EndProject
Project("{FAE04EC0-301F-11D3-BF4B-00C04F79EFBC}") = "Airslip.Analytics.Api", "Airslip.Analytics.Api\Airslip.Analytics.Api.csproj", "{970C3683-310E-4F6D-A015-36FA3A8DB9EA}"
EndProject
Project("{FAE04EC0-301F-11D3-BF4B-00C04F79EFBC}") = "Airslip.Analytics.Reports", "Airslip.Analytics.Reports\Airslip.Analytics.Reports.csproj", "{0325D932-6E81-458D-A720-AF25AE3AF755}"
EndProject
Project("{FAE04EC0-301F-11D3-BF4B-00C04F79EFBC}") = "Airslip.Analytics.Logic", "Airslip.Analytics.Logic\Airslip.Analytics.Logic.csproj", "{C022EE0D-5951-44E5-873F-72BA51A43354}"
EndProject
Project("{FAE04EC0-301F-11D3-BF4B-00C04F79EFBC}") = "Airslip.Analytics.Services.ServiceBus", "Airslip.Analytics.Services.ServiceBus\Airslip.Analytics.Services.ServiceBus.csproj", "{D7DC703B-746A-4022-9FE6-48A55B3CDF33}"
EndProject
Global
	GlobalSection(SolutionConfigurationPlatforms) = preSolution
		Debug|Any CPU = Debug|Any CPU
		Release|Any CPU = Release|Any CPU
	EndGlobalSection
	GlobalSection(ProjectConfigurationPlatforms) = postSolution
		{DE649563-9F4C-4707-99B1-9912AF5737E0}.Debug|Any CPU.ActiveCfg = Debug|Any CPU
		{DE649563-9F4C-4707-99B1-9912AF5737E0}.Debug|Any CPU.Build.0 = Debug|Any CPU
		{DE649563-9F4C-4707-99B1-9912AF5737E0}.Release|Any CPU.ActiveCfg = Release|Any CPU
		{DE649563-9F4C-4707-99B1-9912AF5737E0}.Release|Any CPU.Build.0 = Release|Any CPU
		{D3DE38FE-C12A-444C-B015-15586DBB95B7}.Debug|Any CPU.ActiveCfg = Debug|Any CPU
		{D3DE38FE-C12A-444C-B015-15586DBB95B7}.Debug|Any CPU.Build.0 = Debug|Any CPU
		{D3DE38FE-C12A-444C-B015-15586DBB95B7}.Release|Any CPU.ActiveCfg = Release|Any CPU
		{D3DE38FE-C12A-444C-B015-15586DBB95B7}.Release|Any CPU.Build.0 = Release|Any CPU
		{21B16A5A-457E-4DB0-BEE8-19278129A2EF}.Debug|Any CPU.ActiveCfg = Debug|Any CPU
		{21B16A5A-457E-4DB0-BEE8-19278129A2EF}.Debug|Any CPU.Build.0 = Debug|Any CPU
		{21B16A5A-457E-4DB0-BEE8-19278129A2EF}.Release|Any CPU.ActiveCfg = Release|Any CPU
		{21B16A5A-457E-4DB0-BEE8-19278129A2EF}.Release|Any CPU.Build.0 = Release|Any CPU
		{C4B3D39A-89F1-40A4-B219-01E19914DB2E}.Debug|Any CPU.ActiveCfg = Debug|Any CPU
		{C4B3D39A-89F1-40A4-B219-01E19914DB2E}.Debug|Any CPU.Build.0 = Debug|Any CPU
		{C4B3D39A-89F1-40A4-B219-01E19914DB2E}.Release|Any CPU.ActiveCfg = Release|Any CPU
		{C4B3D39A-89F1-40A4-B219-01E19914DB2E}.Release|Any CPU.Build.0 = Release|Any CPU
		{970C3683-310E-4F6D-A015-36FA3A8DB9EA}.Debug|Any CPU.ActiveCfg = Debug|Any CPU
		{970C3683-310E-4F6D-A015-36FA3A8DB9EA}.Debug|Any CPU.Build.0 = Debug|Any CPU
		{970C3683-310E-4F6D-A015-36FA3A8DB9EA}.Release|Any CPU.ActiveCfg = Release|Any CPU
		{970C3683-310E-4F6D-A015-36FA3A8DB9EA}.Release|Any CPU.Build.0 = Release|Any CPU
		{0325D932-6E81-458D-A720-AF25AE3AF755}.Debug|Any CPU.ActiveCfg = Debug|Any CPU
		{0325D932-6E81-458D-A720-AF25AE3AF755}.Debug|Any CPU.Build.0 = Debug|Any CPU
		{0325D932-6E81-458D-A720-AF25AE3AF755}.Release|Any CPU.ActiveCfg = Release|Any CPU
		{0325D932-6E81-458D-A720-AF25AE3AF755}.Release|Any CPU.Build.0 = Release|Any CPU
		{C022EE0D-5951-44E5-873F-72BA51A43354}.Debug|Any CPU.ActiveCfg = Debug|Any CPU
		{C022EE0D-5951-44E5-873F-72BA51A43354}.Debug|Any CPU.Build.0 = Debug|Any CPU
		{C022EE0D-5951-44E5-873F-72BA51A43354}.Release|Any CPU.ActiveCfg = Release|Any CPU
		{C022EE0D-5951-44E5-873F-72BA51A43354}.Release|Any CPU.Build.0 = Release|Any CPU
		{D7DC703B-746A-4022-9FE6-48A55B3CDF33}.Debug|Any CPU.ActiveCfg = Debug|Any CPU
		{D7DC703B-746A-4022-9FE6-48A55B3CDF33}.Debug|Any CPU.Build.0 = Debug|Any CPU
		{D7DC703B-746A-4022-9FE6-48A55B3CDF33}.Release|Any CPU.ActiveCfg = Release|Any CPU
		{D7DC703B-746A-4022-9FE6-48A55B3CDF33}.Release|Any CPU.Build.0 = Release|Any CPU
	EndGlobalSection
EndGlobal
